
Microsoft Visual Studio Solution File, Format Version 12.00
# Visual Studio Version 17
VisualStudioVersion = 17.0.31903.59
MinimumVisualStudioVersion = 10.0.40219.1
Project("{FAE04EC0-301F-11D3-BF4B-00C04F79EFBC}") = "Sip2Nostr", "src\Sip2Nostr\Sip2Nostr.csproj", "{7AC19125-0875-432A-92B5-87837788D0E1}"
EndProject
Project("{FAE04EC0-301F-11D3-BF4B-00C04F79EFBC}") = "Sip2Nostr.Tests", "tests\Sip2Nostr.Tests\Sip2Nostr.Tests.csproj", "{73BB9487-92BB-4318-A86F-E5474D7A4097}"
EndProject
Global
	GlobalSection(SolutionConfigurationPlatforms) = preSolution
		Debug|Any CPU = Debug|Any CPU
		Release|Any CPU = Release|Any CPU
	EndGlobalSection
	GlobalSection(SolutionProperties) = preSolution
		HideSolutionNode = FALSE
	EndGlobalSection
	GlobalSection(ProjectConfigurationPlatforms) = postSolution
		{7AC19125-0875-432A-92B5-87837788D0E1}.Debug|Any CPU.ActiveCfg = Debug|Any CPU
		{7AC19125-0875-432A-92B5-87837788D0E1}.Debug|Any CPU.Build.0 = Debug|Any CPU
		{7AC19125-0875-432A-92B5-87837788D0E1}.Release|Any CPU.ActiveCfg = Release|Any CPU
		{7AC19125-0875-432A-92B5-87837788D0E1}.Release|Any CPU.Build.0 = Release|Any CPU
		{73BB9487-92BB-4318-A86F-E5474D7A4097}.Debug|Any CPU.ActiveCfg = Debug|Any CPU
		{73BB9487-92BB-4318-A86F-E5474D7A4097}.Debug|Any CPU.Build.0 = Debug|Any CPU
		{73BB9487-92BB-4318-A86F-E5474D7A4097}.Release|Any CPU.ActiveCfg = Release|Any CPU
		{73BB9487-92BB-4318-A86F-E5474D7A4097}.Release|Any CPU.Build.0 = Release|Any CPU
	EndGlobalSection
EndGlobal
